
Microsoft Visual Studio Solution File, Format Version 12.00
# Visual Studio 2012
Project("{FAE04EC0-301F-11D3-BF4B-00C04F79EFBC}") = "Moon.Sender", "Moon.Sender\Moon.Sender.csproj", "{EB220379-0833-4A6D-810E-3FC089FFA498}"
EndProject
Project("{FAE04EC0-301F-11D3-BF4B-00C04F79EFBC}") = "Moon.Cdo", "Moon.Cdo\Moon.Cdo.csproj", "{E6701B94-9813-4622-82D2-613D77AFFF2F}"
EndProject
Project("{FAE04EC0-301F-11D3-BF4B-00C04F79EFBC}") = "WebTest", "WebTest\WebTest.csproj", "{44E14993-67CF-46EA-80FF-70B05027A3A9}"
EndProject
Project("{FAE04EC0-301F-11D3-BF4B-00C04F79EFBC}") = "Moon.Factory", "Moon.Factory\Moon.Factory.csproj", "{C615AAC0-9656-46CB-AE75-A4D531400376}"
EndProject
Global
	GlobalSection(SolutionConfigurationPlatforms) = preSolution
		Debug|Any CPU = Debug|Any CPU
		Release|Any CPU = Release|Any CPU
	EndGlobalSection
	GlobalSection(ProjectConfigurationPlatforms) = postSolution
		{EB220379-0833-4A6D-810E-3FC089FFA498}.Debug|Any CPU.ActiveCfg = Debug|Any CPU
		{EB220379-0833-4A6D-810E-3FC089FFA498}.Debug|Any CPU.Build.0 = Debug|Any CPU
		{EB220379-0833-4A6D-810E-3FC089FFA498}.Release|Any CPU.ActiveCfg = Release|Any CPU
		{EB220379-0833-4A6D-810E-3FC089FFA498}.Release|Any CPU.Build.0 = Release|Any CPU
		{E6701B94-9813-4622-82D2-613D77AFFF2F}.Debug|Any CPU.ActiveCfg = Debug|Any CPU
		{E6701B94-9813-4622-82D2-613D77AFFF2F}.Debug|Any CPU.Build.0 = Debug|Any CPU
		{E6701B94-9813-4622-82D2-613D77AFFF2F}.Release|Any CPU.ActiveCfg = Release|Any CPU
		{E6701B94-9813-4622-82D2-613D77AFFF2F}.Release|Any CPU.Build.0 = Release|Any CPU
		{44E14993-67CF-46EA-80FF-70B05027A3A9}.Debug|Any CPU.ActiveCfg = Debug|Any CPU
		{44E14993-67CF-46EA-80FF-70B05027A3A9}.Debug|Any CPU.Build.0 = Debug|Any CPU
		{44E14993-67CF-46EA-80FF-70B05027A3A9}.Release|Any CPU.ActiveCfg = Release|Any CPU
		{44E14993-67CF-46EA-80FF-70B05027A3A9}.Release|Any CPU.Build.0 = Release|Any CPU
		{C615AAC0-9656-46CB-AE75-A4D531400376}.Debug|Any CPU.ActiveCfg = Debug|Any CPU
		{C615AAC0-9656-46CB-AE75-A4D531400376}.Debug|Any CPU.Build.0 = Debug|Any CPU
		{C615AAC0-9656-46CB-AE75-A4D531400376}.Release|Any CPU.ActiveCfg = Release|Any CPU
		{C615AAC0-9656-46CB-AE75-A4D531400376}.Release|Any CPU.Build.0 = Release|Any CPU
	EndGlobalSection
	GlobalSection(SolutionProperties) = preSolution
		HideSolutionNode = FALSE
	EndGlobalSection
EndGlobal
